
Microsoft Visual Studio Solution File, Format Version 12.00
# Visual Studio Version 16
VisualStudioVersion = 16.0.29709.97
MinimumVisualStudioVersion = 10.0.40219.1
Project("{FAE04EC0-301F-11D3-BF4B-00C04F79EFBC}") = "FileParser", "FileParser\FileParser.csproj", "{8E16EF9C-B05A-4905-9AC0-BDC12E1D2A11}"
EndProject
Project("{FAE04EC0-301F-11D3-BF4B-00C04F79EFBC}") = "FileParserAppTest", "..\FileParserAppTest\FileParserAppTest\FileParserAppTest.csproj", "{1648E905-0EDA-47DB-8159-56C97A7F9FA5}"
EndProject
Global
	GlobalSection(SolutionConfigurationPlatforms) = preSolution
		Debug|Any CPU = Debug|Any CPU
		Release|Any CPU = Release|Any CPU
	EndGlobalSection
	GlobalSection(ProjectConfigurationPlatforms) = postSolution
		{8E16EF9C-B05A-4905-9AC0-BDC12E1D2A11}.Debug|Any CPU.ActiveCfg = Debug|Any CPU
		{8E16EF9C-B05A-4905-9AC0-BDC12E1D2A11}.Debug|Any CPU.Build.0 = Debug|Any CPU
		{8E16EF9C-B05A-4905-9AC0-BDC12E1D2A11}.Release|Any CPU.ActiveCfg = Release|Any CPU
		{8E16EF9C-B05A-4905-9AC0-BDC12E1D2A11}.Release|Any CPU.Build.0 = Release|Any CPU
		{1648E905-0EDA-47DB-8159-56C97A7F9FA5}.Debug|Any CPU.ActiveCfg = Debug|Any CPU
		{1648E905-0EDA-47DB-8159-56C97A7F9FA5}.Debug|Any CPU.Build.0 = Debug|Any CPU
		{1648E905-0EDA-47DB-8159-56C97A7F9FA5}.Release|Any CPU.ActiveCfg = Release|Any CPU
		{1648E905-0EDA-47DB-8159-56C97A7F9FA5}.Release|Any CPU.Build.0 = Release|Any CPU
	EndGlobalSection
	GlobalSection(SolutionProperties) = preSolution
		HideSolutionNode = FALSE
	EndGlobalSection
	GlobalSection(ExtensibilityGlobals) = postSolution
		SolutionGuid = {1B87A619-7BE3-4270-8830-1E4A324502A2}
	EndGlobalSection
EndGlobal
